github.com/jecolon/post v0.1.0 h1:Y9ZIQ3mmlvKwcaK8eNXPXL+00Iok899wcYZ5yiQBC98=
github.com/jecolon/post v0.1.0/go.mod h1:l/To7/TkbO+Bo25tzsTdI4GrDE883BLVvdijDsX4Qmo=
github.com/jecolon/post v0.1.2 h1:3RPnhNaqf2TMOGiF5m9EzVfFgnRoXczKVJ/WN4KVjIU=
github.com/jecolon/post v0.1.2/go.mod h1:l/To7/TkbO+Bo25tzsTdI4GrDE883BLVvdijDsX4Qmo=
github.com/jecolon/post v0.1.3 h1:6cao9Xfea13B/CesolE8KXOAL4fOkWHXwVldXi2877w=
github.com/jecolon/post v0.1.3/go.mod h1:l/To7/TkbO+Bo25tzsTdI4GrDE883BLVvdijDsX4Qmo=
